{
  "pins" : [
    {
      "identity" : "searchbar",
      "kind" : "remoteSourceControl",
      "location" : "https://github.com/SzpakKamil/SearchBar.git",
      "state" : {
        "revision" : "458d8bab23c589555a9a300e43e0113cea45a5ff",
        "version" : "2.1.4"
      }
    }
  ],
  "version" : 2
}
