{
  "originHash" : "ba4911aeb535fad55670a6c912f710b63b31f57a0c56117e606caff1f769b449",
  "pins" : [
    {
      "identity" : "searchbar",
      "kind" : "remoteSourceControl",
      "location" : "https://github.com/SzpakKamil/SearchBar.git",
      "state" : {
        "branch" : "main",
        "revision" : "4d439902b8b6cb8003d26e40e59e8516b64693f3"
      }
    }
  ],
  "version" : 3
}
