{
  "pins" : [
    {
      "identity" : "searchbar",
      "kind" : "remoteSourceControl",
      "location" : "https://github.com/SzpakKamil/SearchBar.git",
      "state" : {
        "revision" : "97fcbefafb57fdd48e7d7636a37da101af5b7c4e",
        "version" : "2.1.1"
      }
    }
  ],
  "version" : 2
}
